# This file is @generated by PDM.
# It is not intended for manual editing.

[metadata]
groups = ["default", "dev"]
strategy = ["cross_platform"]
lock_version = "4.4.1"
content_hash = "sha256:a34d336ca9ebec9049434c65808ee92fa15bfdb272ee9bb285afc5d733979057"

[[package]]
name = "amaranth"
version = "0.5.0.dev289"
requires_python = "~=3.8"
git = "https://github.com/amaranth-lang/amaranth"
revision = "1d2b9c309e5a0e06487105679eec361472978c5f"
summary = "Amaranth hardware definition language"
dependencies = [
    "Jinja2~=3.0",
    "pyvcd<0.5,>=0.2.2",
]

[[package]]
name = "amaranth-boards"
version = "0.1.dev246+gaba2300"
requires_python = "~=3.8"
git = "https://github.com/amaranth-lang/amaranth-boards"
revision = "aba2300dc83216523e1c98fdb22471cb4bac5027"
summary = "Board and connector definitions for Amaranth HDL"
dependencies = [
    "amaranth<0.6,>=0.4",
]

[[package]]
name = "amaranth-soc"
version = "0.1a1.dev9"
requires_python = "~=3.8"
git = "https://github.com/amaranth-lang/amaranth-soc"
revision = "ce4ad768dc590c38de0d76a560e76a94a615a782"
summary = "System on Chip toolkit for Amaranth HDL"
dependencies = [
    "amaranth @ git+https://github.com/amaranth-lang/amaranth",
]

[[package]]
name = "amaranth-stdio"
version = "0.1.dev31"
requires_python = "~=3.8"
git = "https://github.com/amaranth-lang/amaranth-stdio"
revision = "ae774a5709321d5bffddbcebed09b0e350cb6282"
summary = "Industry standard I/O for Amaranth HDL"
dependencies = [
    "amaranth @ git+https://github.com/amaranth-lang/amaranth",
]

[[package]]
name = "amaranth-yosys"
version = "0.40.0.0.post94"
requires_python = "~=3.8"
summary = "Specialized WebAssembly build of Yosys used by Amaranth HDL"
dependencies = [
    "wasmtime<21,>=1",
]
files = [
    {file = "amaranth_yosys-0.40.0.0.post94-py3-none-any.whl", hash = "sha256:6a2e539d84d1dce8848ae6daf4f66c57547321682e6b57aaa3b988af388e61c9"},
]

[[package]]
name = "amaranth"
version = "0.5.0.dev289"
extras = ["builtin-yosys"]
requires_python = "~=3.8"
git = "https://github.com/amaranth-lang/amaranth"
revision = "1d2b9c309e5a0e06487105679eec361472978c5f"
summary = "Amaranth hardware definition language"
dependencies = [
    "amaranth @ git+https://github.com/amaranth-lang/amaranth",
    "amaranth-yosys>=0.40",
]

[[package]]
name = "click"
version = "8.1.7"
requires_python = ">=3.7"
summary = "Composable command line interface toolkit"
dependencies = [
    "colorama; platform_system == \"Windows\"",
]
files = [
    {file = "click-8.1.7-py3-none-any.whl", hash = "sha256:ae74fb96c20a0277a1d615f1e4d73c8414f5a98db8b799a7931d1582f3390c28"},
    {file = "click-8.1.7.tar.gz", hash = "sha256:ca9853ad459e787e2192211578cc907e7594e294c7ccc834310722b41b9ca6de"},
]

[[package]]
name = "colorama"
version = "0.4.6"
requires_python = "!=3.0.*,!=3.1.*,!=3.2.*,!=3.3.*,!=3.4.*,!=3.5.*,!=3.6.*,>=2.7"
summary = "Cross-platform colored terminal text."
files = [
    {file = "colorama-0.4.6-py2.py3-none-any.whl", hash = "sha256:4f1d9991f5acc0ca119f9d443620b77f9d6b33703e51011c16baf57afb285fc6"},
    {file = "colorama-0.4.6.tar.gz", hash = "sha256:08695f5cb7ed6e0531a20572697297273c47b8cae5a63ffc6d6ed5c201be6e44"},
]

[[package]]
name = "hapenny"
version = "0.0.0"
requires_python = "~=3.8"
editable = true
path = "/opt/hapenny"
summary = ""
dependencies = [
    "amaranth-boards @ git+https://github.com/amaranth-lang/amaranth-boards",
    "amaranth[builtin-yosys] @ git+https://github.com/amaranth-lang/amaranth",
    "yowasp-yosys",
]

[[package]]
name = "importlib-resources"
version = "6.4.0"
requires_python = ">=3.8"
summary = "Read resources from Python packages"
files = [
    {file = "importlib_resources-6.4.0-py3-none-any.whl", hash = "sha256:50d10f043df931902d4194ea07ec57960f66a80449ff867bfe782b4c486ba78c"},
    {file = "importlib_resources-6.4.0.tar.gz", hash = "sha256:cdb2b453b8046ca4e3798eb1d84f3cce1446a0e8e7b5ef4efb600f19fc398145"},
]

[[package]]
name = "jinja2"
version = "3.1.4"
requires_python = ">=3.7"
summary = "A very fast and expressive template engine."
dependencies = [
    "MarkupSafe>=2.0",
]
files = [
    {file = "jinja2-3.1.4-py3-none-any.whl", hash = "sha256:bc5dd2abb727a5319567b7a813e6a2e7318c39f4f487cfe6c89c6f9c7d25197d"},
    {file = "jinja2-3.1.4.tar.gz", hash = "sha256:4a3aee7acbbe7303aede8e9648d13b8bf88a429282aa6122a993f0ac800cb369"},
]

[[package]]
name = "markdown-it-py"
version = "3.0.0"
requires_python = ">=3.8"
summary = "Python port of markdown-it. Markdown parsing, done right!"
dependencies = [
    "mdurl~=0.1",
]
files = [
    {file = "markdown-it-py-3.0.0.tar.gz", hash = "sha256:e3f60a94fa066dc52ec76661e37c851cb232d92f9886b15cb560aaada2df8feb"},
    {file = "markdown_it_py-3.0.0-py3-none-any.whl", hash = "sha256:355216845c60bd96232cd8d8c40e8f9765cc86f46880e43a8fd22dc1a1a8cab1"},
]

[[package]]
name = "markupsafe"
version = "2.1.5"
requires_python = ">=3.7"
summary = "Safely add untrusted strings to HTML/XML markup."
files = [
    {file = "MarkupSafe-2.1.5-cp311-cp311-macosx_10_9_universal2.whl", hash = "sha256:629ddd2ca402ae6dbedfceeba9c46d5f7b2a61d9749597d4307f943ef198fc1f"},
    {file = "MarkupSafe-2.1.5-cp311-cp311-macosx_10_9_x86_64.whl", hash = "sha256:5b7b716f97b52c5a14bffdf688f971b2d5ef4029127f1ad7a513973cfd818df2"},
    {file = "MarkupSafe-2.1.5-cp311-cp311-manylinux_2_17_aarch64.manylinux2014_aarch64.whl", hash = "sha256:6ec585f69cec0aa07d945b20805be741395e28ac1627333b1c5b0105962ffced"},
    {file = "MarkupSafe-2.1.5-cp311-cp311-manylinux_2_17_x86_64.manylinux2014_x86_64.whl", hash = "sha256:b91c037585eba9095565a3556f611e3cbfaa42ca1e865f7b8015fe5c7336d5a5"},
    {file = "MarkupSafe-2.1.5-cp311-cp311-manylinux_2_5_i686.manylinux1_i686.manylinux_2_17_i686.manylinux2014_i686.whl", hash = "sha256:7502934a33b54030eaf1194c21c692a534196063db72176b0c4028e140f8f32c"},
    {file = "MarkupSafe-2.1.5-cp311-cp311-musllinux_1_1_aarch64.whl", hash = "sha256:0e397ac966fdf721b2c528cf028494e86172b4feba51d65f81ffd65c63798f3f"},
    {file = "MarkupSafe-2.1.5-cp311-cp311-musllinux_1_1_i686.whl", hash = "sha256:c061bb86a71b42465156a3ee7bd58c8c2ceacdbeb95d05a99893e08b8467359a"},
    {file = "MarkupSafe-2.1.5-cp311-cp311-musllinux_1_1_x86_64.whl", hash = "sha256:3a57fdd7ce31c7ff06cdfbf31dafa96cc533c21e443d57f5b1ecc6cdc668ec7f"},
    {file = "MarkupSafe-2.1.5-cp311-cp311-win32.whl", hash = "sha256:397081c1a0bfb5124355710fe79478cdbeb39626492b15d399526ae53422b906"},
    {file = "MarkupSafe-2.1.5-cp311-cp311-win_amd64.whl", hash = "sha256:2b7c57a4dfc4f16f7142221afe5ba4e093e09e728ca65c51f5620c9aaeb9a617"},
    {file = "MarkupSafe-2.1.5-cp312-cp312-macosx_10_9_universal2.whl", hash = "sha256:8dec4936e9c3100156f8a2dc89c4b88d5c435175ff03413b443469c7c8c5f4d1"},
    {file = "MarkupSafe-2.1.5-cp312-cp312-macosx_10_9_x86_64.whl", hash = "sha256:3c6b973f22eb18a789b1460b4b91bf04ae3f0c4234a0a6aa6b0a92f6f7b951d4"},
    {file = "MarkupSafe-2.1.5-cp312-cp312-manylinux_2_17_aarch64.manylinux2014_aarch64.whl", hash = "sha256:ac07bad82163452a6884fe8fa0963fb98c2346ba78d779ec06bd7a6262132aee"},
    {file = "MarkupSafe-2.1.5-cp312-cp312-manylinux_2_17_x86_64.manylinux2014_x86_64.whl", hash = "sha256:f5dfb42c4604dddc8e4305050aa6deb084540643ed5804d7455b5df8fe16f5e5"},
    {file = "MarkupSafe-2.1.5-cp312-cp312-manylinux_2_5_i686.manylinux1_i686.manylinux_2_17_i686.manylinux2014_i686.whl", hash = "sha256:ea3d8a3d18833cf4304cd2fc9cbb1efe188ca9b5efef2bdac7adc20594a0e46b"},
    {file = "MarkupSafe-2.1.5-cp312-cp312-musllinux_1_1_aarch64.whl", hash = "sha256:d050b3361367a06d752db6ead6e7edeb0009be66bc3bae0ee9d97fb326badc2a"},
    {file = "MarkupSafe-2.1.5-cp312-cp312-musllinux_1_1_i686.whl", hash = "sha256:bec0a414d016ac1a18862a519e54b2fd0fc8bbfd6890376898a6c0891dd82e9f"},
    {file = "MarkupSafe-2.1.5-cp312-cp312-musllinux_1_1_x86_64.whl", hash = "sha256:58c98fee265677f63a4385256a6d7683ab1832f3ddd1e66fe948d5880c21a169"},
    {file = "MarkupSafe-2.1.5-cp312-cp312-win32.whl", hash = "sha256:8590b4ae07a35970728874632fed7bd57b26b0102df2d2b233b6d9d82f6c62ad"},
    {file = "MarkupSafe-2.1.5-cp312-cp312-win_amd64.whl", hash = "sha256:823b65d8706e32ad2df51ed89496147a42a2a6e01c13cfb6ffb8b1e92bc910bb"},
    {file = "MarkupSafe-2.1.5.tar.gz", hash = "sha256:d283d37a890ba4c1ae73ffadf8046435c76e7bc2247bbb63c00bd1a709c6544b"},
]

[[package]]
name = "mdurl"
version = "0.1.2"
requires_python = ">=3.7"
summary = "Markdown URL utilities"
files = [
    {file = "mdurl-0.1.2-py3-none-any.whl", hash = "sha256:84008a41e51615a49fc9966191ff91509e3c40b939176e643fd50a5c2196b8f8"},
    {file = "mdurl-0.1.2.tar.gz", hash = "sha256:bb413d29f5eea38f31dd4754dd7377d4465116fb207585f97bf925588687c1ba"},
]

[[package]]
name = "platformdirs"
version = "4.2.1"
requires_python = ">=3.8"
summary = "A small Python package for determining appropriate platform-specific dirs, e.g. a `user data dir`."
files = [
    {file = "platformdirs-4.2.1-py3-none-any.whl", hash = "sha256:17d5a1161b3fd67b390023cb2d3b026bbd40abde6fdb052dfbd3a29c3ba22ee1"},
    {file = "platformdirs-4.2.1.tar.gz", hash = "sha256:031cd18d4ec63ec53e82dceaac0417d218a6863f7745dfcc9efe7793b7039bdf"},
]

[[package]]
name = "pygments"
version = "2.18.0"
requires_python = ">=3.8"
summary = "Pygments is a syntax highlighting package written in Python."
files = [
    {file = "pygments-2.18.0-py3-none-any.whl", hash = "sha256:b8e6aca0523f3ab76fee51799c488e38782ac06eafcf95e7ba832985c8e7b13a"},
    {file = "pygments-2.18.0.tar.gz", hash = "sha256:786ff802f32e91311bff3889f6e9a86e81505fe99f2735bb6d60ae0c5004f199"},
]

[[package]]
name = "pyvcd"
version = "0.4.0"
requires_python = ">=3.7"
summary = "Python VCD file support"
files = [
    {file = "pyvcd-0.4.0-py2.py3-none-any.whl", hash = "sha256:a21b10e5018b7940c8f2c20ef83d97496e86f15e215afed134ee115166035e17"},
    {file = "pyvcd-0.4.0.tar.gz", hash = "sha256:31be3f501441a9b8c5dc72660ff7b9cfef9b43b2121a23d96f586d2863270290"},
]

[[package]]
name = "rich"
version = "13.7.1"
requires_python = ">=3.7.0"
summary = "Render rich text, tables, progress bars, syntax highlighting, markdown and more to the terminal"
dependencies = [
    "markdown-it-py>=2.2.0",
    "pygments<3.0.0,>=2.13.0",
]
files = [
    {file = "rich-13.7.1-py3-none-any.whl", hash = "sha256:4edbae314f59eb482f54e9e30bf00d33350aaa94f4bfcd4e9e3110e64d0d7222"},
    {file = "rich-13.7.1.tar.gz", hash = "sha256:9be308cb1fe2f1f57d67ce99e95af38a1e2bc71ad9813b0e247cf7ffbcc3a432"},
]

[[package]]
name = "wasmtime"
version = "20.0.0"
requires_python = ">=3.8"
summary = "A WebAssembly runtime powered by Wasmtime"
dependencies = [
    "importlib-resources>=5.10",
]
files = [
    {file = "wasmtime-20.0.0-py3-none-any.whl", hash = "sha256:6d9806e34c7cebe3d2ff4ba58a0c7db3648d4d952a0b6821aed4c4d966a4b312"},
    {file = "wasmtime-20.0.0-py3-none-macosx_10_13_x86_64.whl", hash = "sha256:2ae53f5d84f071f42bf7c05da3bfe4a18e0b5ad801931188bff2e5092137213e"},
    {file = "wasmtime-20.0.0-py3-none-macosx_11_0_arm64.whl", hash = "sha256:3f9ea16cf19039c5dc11d1f9a8f024ebb0d4c6cd1cbb2d0889797326f8ba5c06"},
    {file = "wasmtime-20.0.0-py3-none-manylinux1_x86_64.whl", hash = "sha256:137c92cfde23b9ed18a85d5d1a1bfa844f1322c3bd80bc36c3b5adc3322f4a6e"},
    {file = "wasmtime-20.0.0-py3-none-manylinux2014_aarch64.whl", hash = "sha256:69505f8c1f42815c3784f77df5b3be9f4742ede56299a0f2d7d71083893e855d"},
    {file = "wasmtime-20.0.0-py3-none-win_amd64.whl", hash = "sha256:8ddb958a1b6eed88e56ec4aaae9478c273bed2e4fcd3331f29fda8d9d12def3d"},
]

[[package]]
name = "yowasp-nextpnr-ice40"
version = "0.7.0.0.post519"
summary = "nextpnr-ice40 FPGA place and route tool"
dependencies = [
    "yowasp-runtime~=1.1",
]
files = [
    {file = "yowasp_nextpnr_ice40-0.7.0.0.post519-py3-none-any.whl", hash = "sha256:abd245a20de0517526be670f78e645a7d0aff56165a674a501c39e69a2f102b3"},
]

[[package]]
name = "yowasp-runtime"
version = "1.55"
requires_python = "~=3.8"
summary = "Common runtime for YoWASP packages"
dependencies = [
    "platformdirs<5,>=3.0",
    "wasmtime<21,>=1.0",
]
files = [
    {file = "yowasp_runtime-1.55-py3-none-any.whl", hash = "sha256:e8b7df84052a37437cd8abef680fe0035b068d77fcd8493947f42747cbcfae75"},
]

[[package]]
name = "yowasp-yosys"
version = "0.41.0.0.post722"
summary = "Yosys Open SYnthesis Suite"
dependencies = [
    "click",
    "yowasp-runtime~=1.12",
]
files = [
    {file = "yowasp_yosys-0.41.0.0.post722-py3-none-any.whl", hash = "sha256:ada4d72e4f264e19a8fd167a6f78b89cbfc8f7473a4cc729dc179aecaa37bea0"},
]
